
Microsoft Visual Studio Solution File, Format Version 12.00
# Visual Studio Version 17
VisualStudioVersion = 17.7.34009.444
MinimumVisualStudioVersion = 10.0.40219.1
Project("{FAE04EC0-301F-11D3-BF4B-00C04F79EFBC}") = "BasicTextFileHandler", "BasicTextFileHandler\BasicTextFileHandler.csproj", "{99747224-34AA-4821-9FFE-AD00F9BD0300}"
EndProject
Project("{9A19103F-16F7-4668-BE54-9A1E7A4F7556}") = "FileServiceTester", "FileServiceTester\FileServiceTester.csproj", "{958D49ED-FC4A-473A-A509-73BB21CF9554}"
EndProject
Project("{FAE04EC0-301F-11D3-BF4B-00C04F79EFBC}") = "myFirstForm", "myFirstForm\myFirstForm.csproj", "{C07BA124-E508-4C1F-BF35-564F9E36521A}"
EndProject
Global
	GlobalSection(SolutionConfigurationPlatforms) = preSolution
		Debug|Any CPU = Debug|Any CPU
		Release|Any CPU = Release|Any CPU
	EndGlobalSection
	GlobalSection(ProjectConfigurationPlatforms) = postSolution
		{99747224-34AA-4821-9FFE-AD00F9BD0300}.Debug|Any CPU.ActiveCfg = Debug|Any CPU
		{99747224-34AA-4821-9FFE-AD00F9BD0300}.Debug|Any CPU.Build.0 = Debug|Any CPU
		{99747224-34AA-4821-9FFE-AD00F9BD0300}.Release|Any CPU.ActiveCfg = Release|Any CPU
		{99747224-34AA-4821-9FFE-AD00F9BD0300}.Release|Any CPU.Build.0 = Release|Any CPU
		{958D49ED-FC4A-473A-A509-73BB21CF9554}.Debug|Any CPU.ActiveCfg = Debug|Any CPU
		{958D49ED-FC4A-473A-A509-73BB21CF9554}.Debug|Any CPU.Build.0 = Debug|Any CPU
		{958D49ED-FC4A-473A-A509-73BB21CF9554}.Release|Any CPU.ActiveCfg = Release|Any CPU
		{958D49ED-FC4A-473A-A509-73BB21CF9554}.Release|Any CPU.Build.0 = Release|Any CPU
		{C07BA124-E508-4C1F-BF35-564F9E36521A}.Debug|Any CPU.ActiveCfg = Debug|Any CPU
		{C07BA124-E508-4C1F-BF35-564F9E36521A}.Debug|Any CPU.Build.0 = Debug|Any CPU
		{C07BA124-E508-4C1F-BF35-564F9E36521A}.Release|Any CPU.ActiveCfg = Release|Any CPU
		{C07BA124-E508-4C1F-BF35-564F9E36521A}.Release|Any CPU.Build.0 = Release|Any CPU
	EndGlobalSection
	GlobalSection(SolutionProperties) = preSolution
		HideSolutionNode = FALSE
	EndGlobalSection
	GlobalSection(ExtensibilityGlobals) = postSolution
		SolutionGuid = {A812E598-ACDA-460B-9466-1C54DC889CAF}
	EndGlobalSection
EndGlobal
